# This file was autogenerated by Stack.
# You should not edit this file by hand.
# For more information, please see the documentation at:
#   https://docs.haskellstack.org/en/stable/lock_files

packages:
- completed:
    size: 4499
    url: https://github.com/hpacheco/gloss-juicy/archive/e8fb82f2e335afa7b1f5f792c44ce61ef0cb4664.tar.gz
    name: gloss-juicy
    version: 0.2.3
    sha256: 896379dc3c7a2f439a9681467a2415a5a7930165b9d96c660359561ccceb27e1
    pantry-tree:
      size: 373
      sha256: d387876ff33c555f26cbb9446c9c77bdabd10f2b54dc603aba67084e0516d850
  original:
    url: https://github.com/hpacheco/gloss-juicy/archive/e8fb82f2e335afa7b1f5f792c44ce61ef0cb4664.tar.gz
snapshots:
- completed:
    size: 531718
    url: https://raw.githubusercontent.com/commercialhaskell/stackage-snapshots/master/lts/16/6.yaml
    sha256: 230a7266fc11f76222bd3bb68e9503ed11d553060a752f164bff6753ed03e271
  original: lts-16.6
